
Microsoft Visual Studio Solution File, Format Version 12.00
# Visual Studio Version 16
VisualStudioVersion = 16.0.31515.178
MinimumVisualStudioVersion = 10.0.40219.1
Project("{FAE04EC0-301F-11D3-BF4B-00C04F79EFBC}") = "EployeeManager", "EployeeManager\EployeeManager.csproj", "{0AB30DAE-11D4-455C-AD67-8A53EF75BDCE}"
EndProject
Project("{FAE04EC0-301F-11D3-BF4B-00C04F79EFBC}") = "BuisnesLogic", "BuisnesLogic\BuisnesLogic.csproj", "{67B4079E-0A5E-4C2F-903F-587C77371843}"
EndProject
Project("{FAE04EC0-301F-11D3-BF4B-00C04F79EFBC}") = "DataLayer", "DataLayer\DataLayer.csproj", "{F7FFDB3F-6B71-4CF6-BFBF-081758ABC9CE}"
EndProject
Global
	GlobalSection(SolutionConfigurationPlatforms) = preSolution
		Debug|Any CPU = Debug|Any CPU
		Release|Any CPU = Release|Any CPU
	EndGlobalSection
	GlobalSection(ProjectConfigurationPlatforms) = postSolution
		{0AB30DAE-11D4-455C-AD67-8A53EF75BDCE}.Debug|Any CPU.ActiveCfg = Debug|Any CPU
		{0AB30DAE-11D4-455C-AD67-8A53EF75BDCE}.Debug|Any CPU.Build.0 = Debug|Any CPU
		{0AB30DAE-11D4-455C-AD67-8A53EF75BDCE}.Release|Any CPU.ActiveCfg = Release|Any CPU
		{0AB30DAE-11D4-455C-AD67-8A53EF75BDCE}.Release|Any CPU.Build.0 = Release|Any CPU
		{67B4079E-0A5E-4C2F-903F-587C77371843}.Debug|Any CPU.ActiveCfg = Debug|Any CPU
		{67B4079E-0A5E-4C2F-903F-587C77371843}.Debug|Any CPU.Build.0 = Debug|Any CPU
		{67B4079E-0A5E-4C2F-903F-587C77371843}.Release|Any CPU.ActiveCfg = Release|Any CPU
		{67B4079E-0A5E-4C2F-903F-587C77371843}.Release|Any CPU.Build.0 = Release|Any CPU
		{F7FFDB3F-6B71-4CF6-BFBF-081758ABC9CE}.Debug|Any CPU.ActiveCfg = Debug|Any CPU
		{F7FFDB3F-6B71-4CF6-BFBF-081758ABC9CE}.Debug|Any CPU.Build.0 = Debug|Any CPU
		{F7FFDB3F-6B71-4CF6-BFBF-081758ABC9CE}.Release|Any CPU.ActiveCfg = Release|Any CPU
		{F7FFDB3F-6B71-4CF6-BFBF-081758ABC9CE}.Release|Any CPU.Build.0 = Release|Any CPU
	EndGlobalSection
	GlobalSection(SolutionProperties) = preSolution
		HideSolutionNode = FALSE
	EndGlobalSection
	GlobalSection(ExtensibilityGlobals) = postSolution
		SolutionGuid = {379A6DEC-79B8-4993-86E5-284EBA8EB0EC}
	EndGlobalSection
EndGlobal
